
Microsoft Visual Studio Solution File, Format Version 12.00
# Visual Studio Version 17
VisualStudioVersion = 17.2.32616.157
MinimumVisualStudioVersion = 10.0.40219.1
Project("{FAE04EC0-301F-11D3-BF4B-00C04F79EFBC}") = "OfflineDropRunner", "OfflineDropRunner.csproj", "{D0F13C08-A57E-4B47-96CD-15661252D506}"
EndProject
Global
	GlobalSection(SolutionConfigurationPlatforms) = preSolution
		Debug|Any CPU = Debug|Any CPU
		Release|Any CPU = Release|Any CPU
	EndGlobalSection
	GlobalSection(ProjectConfigurationPlatforms) = postSolution
		{D0F13C08-A57E-4B47-96CD-15661252D506}.Debug|Any CPU.ActiveCfg = Debug|Any CPU
		{D0F13C08-A57E-4B47-96CD-15661252D506}.Debug|Any CPU.Build.0 = Debug|Any CPU
		{D0F13C08-A57E-4B47-96CD-15661252D506}.Release|Any CPU.ActiveCfg = Release|Any CPU
		{D0F13C08-A57E-4B47-96CD-15661252D506}.Release|Any CPU.Build.0 = Release|Any CPU
	EndGlobalSection
	GlobalSection(SolutionProperties) = preSolution
		HideSolutionNode = FALSE
	EndGlobalSection
	GlobalSection(ExtensibilityGlobals) = postSolution
		SolutionGuid = {CBABA339-64FB-4EAC-A257-2677CB40FAB7}
	EndGlobalSection
EndGlobal
